// !$*UTF8*$!
{
	archiveVersion = 1;
	classes = {
	};
	objectVersion = 56;
	objects = {

/* Begin PBXBuildFile section */
		C61D7B062CD2BBD700A79DAD /* FrameCanvasViewDelegate.swift in Sources */ = {isa = PBXBuildFile; fileRef = C61D7B052CD2BBD700A79DAD /* FrameCanvasViewDelegate.swift */; };
		C61D7B082CD2C85200A79DAD /* FramesTableViewController.swift in Sources */ = {isa = PBXBuildFile; fileRef = C61D7B072CD2C85200A79DAD /* FramesTableViewController.swift */; };
		C61D7B0A2CD2CD7800A79DAD /* FramesManager.swift in Sources */ = {isa = PBXBuildFile; fileRef = C61D7B092CD2CD7800A79DAD /* FramesManager.swift */; };
		C6401A9E2CD153F000CF666F /* AppDelegate.swift in Sources */ = {isa = PBXBuildFile; fileRef = C6401A9D2CD153F000CF666F /* AppDelegate.swift */; };
		C6401AA02CD153F000CF666F /* SceneDelegate.swift in Sources */ = {isa = PBXBuildFile; fileRef = C6401A9F2CD153F000CF666F /* SceneDelegate.swift */; };
		C6401AA22CD153F000CF666F /* ViewController.swift in Sources */ = {isa = PBXBuildFile; fileRef = C6401AA12CD153F000CF666F /* ViewController.swift */; };
		C6401AA52CD153F000CF666F /* Main.storyboard in Resources */ = {isa = PBXBuildFile; fileRef = C6401AA32CD153F000CF666F /* Main.storyboard */; };
		C6401AA72CD153F100CF666F /* Assets.xcassets in Resources */ = {isa = PBXBuildFile; fileRef = C6401AA62CD153F100CF666F /* Assets.xcassets */; };
		C6401AAA2CD153F100CF666F /* LaunchScreen.storyboard in Resources */ = {isa = PBXBuildFile; fileRef = C6401AA82CD153F100CF666F /* LaunchScreen.storyboard */; };
		C6401AB22CD1550900CF666F /* FrameCanvasView.swift in Sources */ = {isa = PBXBuildFile; fileRef = C6401AB12CD1550900CF666F /* FrameCanvasView.swift */; };
		C6401AB42CD1552B00CF666F /* Painter.swift in Sources */ = {isa = PBXBuildFile; fileRef = C6401AB32CD1552B00CF666F /* Painter.swift */; };
		C6401AB62CD17E3100CF666F /* Action.swift in Sources */ = {isa = PBXBuildFile; fileRef = C6401AB52CD17E3100CF666F /* Action.swift */; };
		C6401AB82CD17E3800CF666F /* Tool.swift in Sources */ = {isa = PBXBuildFile; fileRef = C6401AB72CD17E3800CF666F /* Tool.swift */; };
		C66E91152CD3F8FD00B48990 /* Frame.swift in Sources */ = {isa = PBXBuildFile; fileRef = C66E91142CD3F8FD00B48990 /* Frame.swift */; };
		C6C299592CD435DF00B10BBC /* AnimationDemoManager.swift in Sources */ = {isa = PBXBuildFile; fileRef = C6C299582CD435DF00B10BBC /* AnimationDemoManager.swift */; };
		C6EB9F822CD5814300F96D4A /* UIImage+colorImage.swift in Sources */ = {isa = PBXBuildFile; fileRef = C6EB9F812CD5814300F96D4A /* UIImage+colorImage.swift */; };
		C6EB9F842CD5847E00F96D4A /* ToolPanelDelegate.swift in Sources */ = {isa = PBXBuildFile; fileRef = C6EB9F832CD5847E00F96D4A /* ToolPanelDelegate.swift */; };
		C6EB9F862CD5856600F96D4A /* ColorPreset.swift in Sources */ = {isa = PBXBuildFile; fileRef = C6EB9F852CD5856600F96D4A /* ColorPreset.swift */; };
		C6EB9F882CD58A9000F96D4A /* UIColor+init.swift in Sources */ = {isa = PBXBuildFile; fileRef = C6EB9F872CD58A9000F96D4A /* UIColor+init.swift */; };
		C6EB9F8A2CD58B3C00F96D4A /* UIColor+constants.swift in Sources */ = {isa = PBXBuildFile; fileRef = C6EB9F892CD58B3C00F96D4A /* UIColor+constants.swift */; };
		C6EB9F8C2CD6906B00F96D4A /* ToolsPanelView.swift in Sources */ = {isa = PBXBuildFile; fileRef = C6EB9F8B2CD6906B00F96D4A /* ToolsPanelView.swift */; };
/* End PBXBuildFile section */

/* Begin PBXFileReference section */
		C61D7B052CD2BBD700A79DAD /* FrameCanvasViewDelegate.swift */ = {isa = PBXFileReference; lastKnownFileType = sourcecode.swift; path = FrameCanvasViewDelegate.swift; sourceTree = "<group>"; };
		C61D7B072CD2C85200A79DAD /* FramesTableViewController.swift */ = {isa = PBXFileReference; lastKnownFileType = sourcecode.swift; path = FramesTableViewController.swift; sourceTree = "<group>"; };
		C61D7B092CD2CD7800A79DAD /* FramesManager.swift */ = {isa = PBXFileReference; lastKnownFileType = sourcecode.swift; path = FramesManager.swift; sourceTree = "<group>"; };
		C6401A9A2CD153F000CF666F /* YaAnimator.app */ = {isa = PBXFileReference; explicitFileType = wrapper.application; includeInIndex = 0; path = YaAnimator.app; sourceTree = BUILT_PRODUCTS_DIR; };
		C6401A9D2CD153F000CF666F /* AppDelegate.swift */ = {isa = PBXFileReference; lastKnownFileType = sourcecode.swift; path = AppDelegate.swift; sourceTree = "<group>"; };
		C6401A9F2CD153F000CF666F /* SceneDelegate.swift */ = {isa = PBXFileReference; lastKnownFileType = sourcecode.swift; path = SceneDelegate.swift; sourceTree = "<group>"; };
		C6401AA12CD153F000CF666F /* ViewController.swift */ = {isa = PBXFileReference; lastKnownFileType = sourcecode.swift; path = ViewController.swift; sourceTree = "<group>"; };
		C6401AA42CD153F000CF666F /* Base */ = {isa = PBXFileReference; lastKnownFileType = file.storyboard; name = Base; path = Base.lproj/Main.storyboard; sourceTree = "<group>"; };
		C6401AA62CD153F100CF666F /* Assets.xcassets */ = {isa = PBXFileReference; lastKnownFileType = folder.assetcatalog; path = Assets.xcassets; sourceTree = "<group>"; };
		C6401AA92CD153F100CF666F /* Base */ = {isa = PBXFileReference; lastKnownFileType = file.storyboard; name = Base; path = Base.lproj/LaunchScreen.storyboard; sourceTree = "<group>"; };
		C6401AAB2CD153F100CF666F /* Info.plist */ = {isa = PBXFileReference; lastKnownFileType = text.plist.xml; path = Info.plist; sourceTree = "<group>"; };
		C6401AB12CD1550900CF666F /* FrameCanvasView.swift */ = {isa = PBXFileReference; lastKnownFileType = sourcecode.swift; path = FrameCanvasView.swift; sourceTree = "<group>"; };
		C6401AB32CD1552B00CF666F /* Painter.swift */ = {isa = PBXFileReference; lastKnownFileType = sourcecode.swift; path = Painter.swift; sourceTree = "<group>"; };
		C6401AB52CD17E3100CF666F /* Action.swift */ = {isa = PBXFileReference; lastKnownFileType = sourcecode.swift; path = Action.swift; sourceTree = "<group>"; };
		C6401AB72CD17E3800CF666F /* Tool.swift */ = {isa = PBXFileReference; lastKnownFileType = sourcecode.swift; path = Tool.swift; sourceTree = "<group>"; };
		C66E91142CD3F8FD00B48990 /* Frame.swift */ = {isa = PBXFileReference; lastKnownFileType = sourcecode.swift; path = Frame.swift; sourceTree = "<group>"; };
		C6C299582CD435DF00B10BBC /* AnimationDemoManager.swift */ = {isa = PBXFileReference; lastKnownFileType = sourcecode.swift; path = AnimationDemoManager.swift; sourceTree = "<group>"; };
		C6EB9F812CD5814300F96D4A /* UIImage+colorImage.swift */ = {isa = PBXFileReference; lastKnownFileType = sourcecode.swift; path = "UIImage+colorImage.swift"; sourceTree = "<group>"; };
		C6EB9F832CD5847E00F96D4A /* ToolPanelDelegate.swift */ = {isa = PBXFileReference; lastKnownFileType = sourcecode.swift; path = ToolPanelDelegate.swift; sourceTree = "<group>"; };
		C6EB9F852CD5856600F96D4A /* ColorPreset.swift */ = {isa = PBXFileReference; lastKnownFileType = sourcecode.swift; path = ColorPreset.swift; sourceTree = "<group>"; };
		C6EB9F872CD58A9000F96D4A /* UIColor+init.swift */ = {isa = PBXFileReference; lastKnownFileType = sourcecode.swift; path = "UIColor+init.swift"; sourceTree = "<group>"; };
		C6EB9F892CD58B3C00F96D4A /* UIColor+constants.swift */ = {isa = PBXFileReference; lastKnownFileType = sourcecode.swift; path = "UIColor+constants.swift"; sourceTree = "<group>"; };
		C6EB9F8B2CD6906B00F96D4A /* ToolsPanelView.swift */ = {isa = PBXFileReference; lastKnownFileType = sourcecode.swift; path = ToolsPanelView.swift; sourceTree = "<group>"; };
/* End PBXFileReference section */

/* Begin PBXFrameworksBuildPhase section */
		C6401A972CD153F000CF666F /* Frameworks */ = {
			isa = PBXFrameworksBuildPhase;
			buildActionMask = 2147483647;
			files = (
			);
			runOnlyForDeploymentPostprocessing = 0;
		};
/* End PBXFrameworksBuildPhase section */

/* Begin PBXGroup section */
		C6401A912CD153EF00CF666F = {
			isa = PBXGroup;
			children = (
				C6401A9C2CD153F000CF666F /* YaAnimator */,
				C6401A9B2CD153F000CF666F /* Products */,
			);
			sourceTree = "<group>";
		};
		C6401A9B2CD153F000CF666F /* Products */ = {
			isa = PBXGroup;
			children = (
				C6401A9A2CD153F000CF666F /* YaAnimator.app */,
			);
			name = Products;
			sourceTree = "<group>";
		};
		C6401A9C2CD153F000CF666F /* YaAnimator */ = {
			isa = PBXGroup;
			children = (
				C6401AAB2CD153F100CF666F /* Info.plist */,
				C6401A9D2CD153F000CF666F /* AppDelegate.swift */,
				C6401A9F2CD153F000CF666F /* SceneDelegate.swift */,
				C6401AA62CD153F100CF666F /* Assets.xcassets */,
				C6EB9F802CD5813300F96D4A /* Helpers */,
				C6401AA82CD153F100CF666F /* LaunchScreen.storyboard */,
				C6401AA32CD153F000CF666F /* Main.storyboard */,
				C6401AB92CD17E4000CF666F /* Models */,
				C6401ABB2CD17E5200CF666F /* Tools */,
				C6C299572CD42BEB00B10BBC /* ViewControllers */,
				C6401ABA2CD17E4400CF666F /* Views */,
			);
			path = YaAnimator;
			sourceTree = "<group>";
		};
		C6401AB92CD17E4000CF666F /* Models */ = {
			isa = PBXGroup;
			children = (
				C6401AB72CD17E3800CF666F /* Tool.swift */,
				C6401AB52CD17E3100CF666F /* Action.swift */,
				C66E91142CD3F8FD00B48990 /* Frame.swift */,
			);
			path = Models;
			sourceTree = "<group>";
		};
		C6401ABA2CD17E4400CF666F /* Views */ = {
			isa = PBXGroup;
			children = (
				C6401AB12CD1550900CF666F /* FrameCanvasView.swift */,
				C61D7B052CD2BBD700A79DAD /* FrameCanvasViewDelegate.swift */,
				C6EB9F832CD5847E00F96D4A /* ToolPanelDelegate.swift */,
				C6EB9F852CD5856600F96D4A /* ColorPreset.swift */,
				C6EB9F8B2CD6906B00F96D4A /* ToolsPanelView.swift */,
			);
			path = Views;
			sourceTree = "<group>";
		};
		C6401ABB2CD17E5200CF666F /* Tools */ = {
			isa = PBXGroup;
			children = (
				C6401AB32CD1552B00CF666F /* Painter.swift */,
				C61D7B092CD2CD7800A79DAD /* FramesManager.swift */,
				C6C299582CD435DF00B10BBC /* AnimationDemoManager.swift */,
			);
			path = Tools;
			sourceTree = "<group>";
		};
		C6C299572CD42BEB00B10BBC /* ViewControllers */ = {
			isa = PBXGroup;
			children = (
				C61D7B072CD2C85200A79DAD /* FramesTableViewController.swift */,
				C6401AA12CD153F000CF666F /* ViewController.swift */,
			);
			path = ViewControllers;
			sourceTree = "<group>";
		};
		C6EB9F802CD5813300F96D4A /* Helpers */ = {
			isa = PBXGroup;
			children = (
				C6EB9F812CD5814300F96D4A /* UIImage+colorImage.swift */,
				C6EB9F872CD58A9000F96D4A /* UIColor+init.swift */,
				C6EB9F892CD58B3C00F96D4A /* UIColor+constants.swift */,
			);
			path = Helpers;
			sourceTree = "<group>";
		};
/* End PBXGroup section */

/* Begin PBXNativeTarget section */
		C6401A992CD153F000CF666F /* YaAnimator */ = {
			isa = PBXNativeTarget;
			buildConfigurationList = C6401AAE2CD153F100CF666F /* Build configuration list for PBXNativeTarget "YaAnimator" */;
			buildPhases = (
				C6401A962CD153F000CF666F /* Sources */,
				C6401A972CD153F000CF666F /* Frameworks */,
				C6401A982CD153F000CF666F /* Resources */,
			);
			buildRules = (
			);
			dependencies = (
			);
			name = YaAnimator;
			productName = YaAnimator;
			productReference = C6401A9A2CD153F000CF666F /* YaAnimator.app */;
			productType = "com.apple.product-type.application";
		};
/* End PBXNativeTarget section */

/* Begin PBXProject section */
		C6401A922CD153EF00CF666F /* Project object */ = {
			isa = PBXProject;
			attributes = {
				BuildIndependentTargetsInParallel = 1;
				LastSwiftUpdateCheck = 1520;
				LastUpgradeCheck = 1520;
				TargetAttributes = {
					C6401A992CD153F000CF666F = {
						CreatedOnToolsVersion = 15.2;
					};
				};
			};
			buildConfigurationList = C6401A952CD153EF00CF666F /* Build configuration list for PBXProject "YaAnimator" */;
			compatibilityVersion = "Xcode 14.0";
			developmentRegion = en;
			hasScannedForEncodings = 0;
			knownRegions = (
				en,
				Base,
			);
			mainGroup = C6401A912CD153EF00CF666F;
			productRefGroup = C6401A9B2CD153F000CF666F /* Products */;
			projectDirPath = "";
			projectRoot = "";
			targets = (
				C6401A992CD153F000CF666F /* YaAnimator */,
			);
		};
/* End PBXProject section */

/* Begin PBXResourcesBuildPhase section */
		C6401A982CD153F000CF666F /* Resources */ = {
			isa = PBXResourcesBuildPhase;
			buildActionMask = 2147483647;
			files = (
				C6401AAA2CD153F100CF666F /* LaunchScreen.storyboard in Resources */,
				C6401AA72CD153F100CF666F /* Assets.xcassets in Resources */,
				C6401AA52CD153F000CF666F /* Main.storyboard in Resources */,
			);
			runOnlyForDeploymentPostprocessing = 0;
		};
/* End PBXResourcesBuildPhase section */

/* Begin PBXSourcesBuildPhase section */
		C6401A962CD153F000CF666F /* Sources */ = {
			isa = PBXSourcesBuildPhase;
			buildActionMask = 2147483647;
			files = (
				C6401AA22CD153F000CF666F /* ViewController.swift in Sources */,
				C6EB9F842CD5847E00F96D4A /* ToolPanelDelegate.swift in Sources */,
				C6401AB62CD17E3100CF666F /* Action.swift in Sources */,
				C6401AB42CD1552B00CF666F /* Painter.swift in Sources */,
				C6401AB82CD17E3800CF666F /* Tool.swift in Sources */,
				C6401A9E2CD153F000CF666F /* AppDelegate.swift in Sources */,
				C6C299592CD435DF00B10BBC /* AnimationDemoManager.swift in Sources */,
				C61D7B082CD2C85200A79DAD /* FramesTableViewController.swift in Sources */,
				C6EB9F862CD5856600F96D4A /* ColorPreset.swift in Sources */,
				C6EB9F882CD58A9000F96D4A /* UIColor+init.swift in Sources */,
				C6EB9F822CD5814300F96D4A /* UIImage+colorImage.swift in Sources */,
				C61D7B062CD2BBD700A79DAD /* FrameCanvasViewDelegate.swift in Sources */,
				C6401AB22CD1550900CF666F /* FrameCanvasView.swift in Sources */,
				C6401AA02CD153F000CF666F /* SceneDelegate.swift in Sources */,
				C61D7B0A2CD2CD7800A79DAD /* FramesManager.swift in Sources */,
				C6EB9F8C2CD6906B00F96D4A /* ToolsPanelView.swift in Sources */,
				C66E91152CD3F8FD00B48990 /* Frame.swift in Sources */,
				C6EB9F8A2CD58B3C00F96D4A /* UIColor+constants.swift in Sources */,
			);
			runOnlyForDeploymentPostprocessing = 0;
		};
/* End PBXSourcesBuildPhase section */

/* Begin PBXVariantGroup section */
		C6401AA32CD153F000CF666F /* Main.storyboard */ = {
			isa = PBXVariantGroup;
			children = (
				C6401AA42CD153F000CF666F /* Base */,
			);
			name = Main.storyboard;
			sourceTree = "<group>";
		};
		C6401AA82CD153F100CF666F /* LaunchScreen.storyboard */ = {
			isa = PBXVariantGroup;
			children = (
				C6401AA92CD153F100CF666F /* Base */,
			);
			name = LaunchScreen.storyboard;
			sourceTree = "<group>";
		};
/* End PBXVariantGroup section */

/* Begin XCBuildConfiguration section */
		C6401AAC2CD153F100CF666F /* Debug */ = {
			isa = XCBuildConfiguration;
			buildSettings = {
				ALWAYS_SEARCH_USER_PATHS = NO;
				ASSETCATALOG_COMPILER_GENERATE_SWIFT_ASSET_SYMBOL_EXTENSIONS = YES;
				CLANG_ANALYZER_NONNULL = YES;
				CLANG_ANALYZER_NUMBER_OBJECT_CONVERSION = YES_AGGRESSIVE;
				CLANG_CXX_LANGUAGE_STANDARD = "gnu++20";
				CLANG_ENABLE_MODULES = YES;
				CLANG_ENABLE_OBJC_ARC = YES;
				CLANG_ENABLE_OBJC_WEAK = YES;
				CLANG_WARN_BLOCK_CAPTURE_AUTORELEASING = YES;
				CLANG_WARN_BOOL_CONVERSION = YES;
				CLANG_WARN_COMMA = YES;
				CLANG_WARN_CONSTANT_CONVERSION = YES;
				CLANG_WARN_DEPRECATED_OBJC_IMPLEMENTATIONS = YES;
				CLANG_WARN_DIRECT_OBJC_ISA_USAGE = YES_ERROR;
				CLANG_WARN_DOCUMENTATION_COMMENTS = YES;
				CLANG_WARN_EMPTY_BODY = YES;
				CLANG_WARN_ENUM_CONVERSION = YES;
				CLANG_WARN_INFINITE_RECURSION = YES;
				CLANG_WARN_INT_CONVERSION = YES;
				CLANG_WARN_NON_LITERAL_NULL_CONVERSION = YES;
				CLANG_WARN_OBJC_IMPLICIT_RETAIN_SELF = YES;
				CLANG_WARN_OBJC_LITERAL_CONVERSION = YES;
				CLANG_WARN_OBJC_ROOT_CLASS = YES_ERROR;
				CLANG_WARN_QUOTED_INCLUDE_IN_FRAMEWORK_HEADER = YES;
				CLANG_WARN_RANGE_LOOP_ANALYSIS = YES;
				CLANG_WARN_STRICT_PROTOTYPES = YES;
				CLANG_WARN_SUSPICIOUS_MOVE = YES;
				CLANG_WARN_UNGUARDED_AVAILABILITY = YES_AGGRESSIVE;
				CLANG_WARN_UNREACHABLE_CODE = YES;
				CLANG_WARN__DUPLICATE_METHOD_MATCH = YES;
				COPY_PHASE_STRIP = NO;
				DEBUG_INFORMATION_FORMAT = dwarf;
				ENABLE_STRICT_OBJC_MSGSEND = YES;
				ENABLE_TESTABILITY = YES;
				ENABLE_USER_SCRIPT_SANDBOXING = YES;
				GCC_C_LANGUAGE_STANDARD = gnu17;
				GCC_DYNAMIC_NO_PIC = NO;
				GCC_NO_COMMON_BLOCKS = YES;
				GCC_OPTIMIZATION_LEVEL = 0;
				GCC_PREPROCESSOR_DEFINITIONS = (
					"DEBUG=1",
					"$(inherited)",
				);
				GCC_WARN_64_TO_32_BIT_CONVERSION = YES;
				GCC_WARN_ABOUT_RETURN_TYPE = YES_ERROR;
				GCC_WARN_UNDECLARED_SELECTOR = YES;
				GCC_WARN_UNINITIALIZED_AUTOS = YES_AGGRESSIVE;
				GCC_WARN_UNUSED_FUNCTION = YES;
				GCC_WARN_UNUSED_VARIABLE = YES;
				IPHONEOS_DEPLOYMENT_TARGET = 17.2;
				LOCALIZATION_PREFERS_STRING_CATALOGS = YES;
				MTL_ENABLE_DEBUG_INFO = INCLUDE_SOURCE;
				MTL_FAST_MATH = YES;
				ONLY_ACTIVE_ARCH = YES;
				SDKROOT = iphoneos;
				SWIFT_ACTIVE_COMPILATION_CONDITIONS = "DEBUG $(inherited)";
				SWIFT_OPTIMIZATION_LEVEL = "-Onone";
			};
			name = Debug;
		};
		C6401AAD2CD153F100CF666F /* Release */ = {
			isa = XCBuildConfiguration;
			buildSettings = {
				ALWAYS_SEARCH_USER_PATHS = NO;
				ASSETCATALOG_COMPILER_GENERATE_SWIFT_ASSET_SYMBOL_EXTENSIONS = YES;
				CLANG_ANALYZER_NONNULL = YES;
				CLANG_ANALYZER_NUMBER_OBJECT_CONVERSION = YES_AGGRESSIVE;
				CLANG_CXX_LANGUAGE_STANDARD = "gnu++20";
				CLANG_ENABLE_MODULES = YES;
				CLANG_ENABLE_OBJC_ARC = YES;
				CLANG_ENABLE_OBJC_WEAK = YES;
				CLANG_WARN_BLOCK_CAPTURE_AUTORELEASING = YES;
				CLANG_WARN_BOOL_CONVERSION = YES;
				CLANG_WARN_COMMA = YES;
				CLANG_WARN_CONSTANT_CONVERSION = YES;
				CLANG_WARN_DEPRECATED_OBJC_IMPLEMENTATIONS = YES;
				CLANG_WARN_DIRECT_OBJC_ISA_USAGE = YES_ERROR;
				CLANG_WARN_DOCUMENTATION_COMMENTS = YES;
				CLANG_WARN_EMPTY_BODY = YES;
				CLANG_WARN_ENUM_CONVERSION = YES;
				CLANG_WARN_INFINITE_RECURSION = YES;
				CLANG_WARN_INT_CONVERSION = YES;
				CLANG_WARN_NON_LITERAL_NULL_CONVERSION = YES;
				CLANG_WARN_OBJC_IMPLICIT_RETAIN_SELF = YES;
				CLANG_WARN_OBJC_LITERAL_CONVERSION = YES;
				CLANG_WARN_OBJC_ROOT_CLASS = YES_ERROR;
				CLANG_WARN_QUOTED_INCLUDE_IN_FRAMEWORK_HEADER = YES;
				CLANG_WARN_RANGE_LOOP_ANALYSIS = YES;
				CLANG_WARN_STRICT_PROTOTYPES = YES;
				CLANG_WARN_SUSPICIOUS_MOVE = YES;
				CLANG_WARN_UNGUARDED_AVAILABILITY = YES_AGGRESSIVE;
				CLANG_WARN_UNREACHABLE_CODE = YES;
				CLANG_WARN__DUPLICATE_METHOD_MATCH = YES;
				COPY_PHASE_STRIP = NO;
				DEBUG_INFORMATION_FORMAT = "dwarf-with-dsym";
				ENABLE_NS_ASSERTIONS = NO;
				ENABLE_STRICT_OBJC_MSGSEND = YES;
				ENABLE_USER_SCRIPT_SANDBOXING = YES;
				GCC_C_LANGUAGE_STANDARD = gnu17;
				GCC_NO_COMMON_BLOCKS = YES;
				GCC_WARN_64_TO_32_BIT_CONVERSION = YES;
				GCC_WARN_ABOUT_RETURN_TYPE = YES_ERROR;
				GCC_WARN_UNDECLARED_SELECTOR = YES;
				GCC_WARN_UNINITIALIZED_AUTOS = YES_AGGRESSIVE;
				GCC_WARN_UNUSED_FUNCTION = YES;
				GCC_WARN_UNUSED_VARIABLE = YES;
				IPHONEOS_DEPLOYMENT_TARGET = 17.2;
				LOCALIZATION_PREFERS_STRING_CATALOGS = YES;
				MTL_ENABLE_DEBUG_INFO = NO;
				MTL_FAST_MATH = YES;
				SDKROOT = iphoneos;
				SWIFT_COMPILATION_MODE = wholemodule;
				VALIDATE_PRODUCT = YES;
			};
			name = Release;
		};
		C6401AAF2CD153F100CF666F /* Debug */ = {
			isa = XCBuildConfiguration;
			buildSettings = {
				ASSETCATALOG_COMPILER_APPICON_NAME = AppIcon;
				ASSETCATALOG_COMPILER_GLOBAL_ACCENT_COLOR_NAME = AccentColor;
				CODE_SIGN_STYLE = Automatic;
				CURRENT_PROJECT_VERSION = 1;
				DEVELOPMENT_TEAM = RNXT6P5KC8;
				GENERATE_INFOPLIST_FILE = YES;
				INFOPLIST_FILE = YaAnimator/Info.plist;
				INFOPLIST_KEY_UIApplicationSupportsIndirectInputEvents = YES;
				INFOPLIST_KEY_UILaunchStoryboardName = LaunchScreen;
				INFOPLIST_KEY_UIMainStoryboardFile = Main;
				INFOPLIST_KEY_UISupportedInterfaceOrientations_iPad = "UIInterfaceOrientationPortrait UIInterfaceOrientationPortraitUpsideDown UIInterfaceOrientationLandscapeLeft UIInterfaceOrientationLandscapeRight";
				INFOPLIST_KEY_UISupportedInterfaceOrientations_iPhone = "UIInterfaceOrientationPortrait UIInterfaceOrientationLandscapeLeft UIInterfaceOrientationLandscapeRight";
				LD_RUNPATH_SEARCH_PATHS = (
					"$(inherited)",
					"@executable_path/Frameworks",
				);
				MARKETING_VERSION = 1.0;
				PRODUCT_BUNDLE_IDENTIFIER = com.vladEliseev.YaAnimator;
				PRODUCT_NAME = "$(TARGET_NAME)";
				SWIFT_EMIT_LOC_STRINGS = YES;
				SWIFT_VERSION = 5.0;
				TARGETED_DEVICE_FAMILY = "1,2";
			};
			name = Debug;
		};
		C6401AB02CD153F100CF666F /* Release */ = {
			isa = XCBuildConfiguration;
			buildSettings = {
				ASSETCATALOG_COMPILER_APPICON_NAME = AppIcon;
				ASSETCATALOG_COMPILER_GLOBAL_ACCENT_COLOR_NAME = AccentColor;
				CODE_SIGN_STYLE = Automatic;
				CURRENT_PROJECT_VERSION = 1;
				DEVELOPMENT_TEAM = RNXT6P5KC8;
				GENERATE_INFOPLIST_FILE = YES;
				INFOPLIST_FILE = YaAnimator/Info.plist;
				INFOPLIST_KEY_UIApplicationSupportsIndirectInputEvents = YES;
				INFOPLIST_KEY_UILaunchStoryboardName = LaunchScreen;
				INFOPLIST_KEY_UIMainStoryboardFile = Main;
				INFOPLIST_KEY_UISupportedInterfaceOrientations_iPad = "UIInterfaceOrientationPortrait UIInterfaceOrientationPortraitUpsideDown UIInterfaceOrientationLandscapeLeft UIInterfaceOrientationLandscapeRight";
				INFOPLIST_KEY_UISupportedInterfaceOrientations_iPhone = "UIInterfaceOrientationPortrait UIInterfaceOrientationLandscapeLeft UIInterfaceOrientationLandscapeRight";
				LD_RUNPATH_SEARCH_PATHS = (
					"$(inherited)",
					"@executable_path/Frameworks",
				);
				MARKETING_VERSION = 1.0;
				PRODUCT_BUNDLE_IDENTIFIER = com.vladEliseev.YaAnimator;
				PRODUCT_NAME = "$(TARGET_NAME)";
				SWIFT_EMIT_LOC_STRINGS = YES;
				SWIFT_VERSION = 5.0;
				TARGETED_DEVICE_FAMILY = "1,2";
			};
			name = Release;
		};
/* End XCBuildConfiguration section */

/* Begin XCConfigurationList section */
		C6401A952CD153EF00CF666F /* Build configuration list for PBXProject "YaAnimator" */ = {
			isa = XCConfigurationList;
			buildConfigurations = (
				C6401AAC2CD153F100CF666F /* Debug */,
				C6401AAD2CD153F100CF666F /* Release */,
			);
			defaultConfigurationIsVisible = 0;
			defaultConfigurationName = Release;
		};
		C6401AAE2CD153F100CF666F /* Build configuration list for PBXNativeTarget "YaAnimator" */ = {
			isa = XCConfigurationList;
			buildConfigurations = (
				C6401AAF2CD153F100CF666F /* Debug */,
				C6401AB02CD153F100CF666F /* Release */,
			);
			defaultConfigurationIsVisible = 0;
			defaultConfigurationName = Release;
		};
/* End XCConfigurationList section */
	};
	rootObject = C6401A922CD153EF00CF666F /* Project object */;
}
